
Microsoft Visual Studio Solution File, Format Version 12.00
# Visual Studio Version 17
VisualStudioVersion = 17.2.32526.322
MinimumVisualStudioVersion = 10.0.40219.1
Project("{FAE04EC0-301F-11D3-BF4B-00C04F79EFBC}") = "AspNetBackEndFullStack", "AspNetBackEndFullStack\AspNetBackEndFullStack.csproj", "{3C2F14C4-0024-465C-8943-58D948C8834B}"
EndProject
Project("{FAE04EC0-301F-11D3-BF4B-00C04F79EFBC}") = "DbHelper", "DbHelper\DbHelper.csproj", "{5A569812-7210-4F5B-83A9-1EEB2C22CC55}"
EndProject
Project("{FAE04EC0-301F-11D3-BF4B-00C04F79EFBC}") = "WebFullStack", "WebFullStack\WebFullStack.csproj", "{11539F74-8310-49CB-82B7-9C16072B9B12}"
EndProject
Project("{FAE04EC0-301F-11D3-BF4B-00C04F79EFBC}") = "DB.DataAccess", "DB.DataAccess\DB.DataAccess.csproj", "{393ABE3A-FC3E-4FB9-91B0-777D4C4B14B5}"
EndProject
Project("{FAE04EC0-301F-11D3-BF4B-00C04F79EFBC}") = "WebAPI_Demo", "WebAPI_Demo\WebAPI_Demo.csproj", "{2B501C7C-3DF4-433B-B1F8-7554B88C3D0B}"
EndProject
Global
	GlobalSection(SolutionConfigurationPlatforms) = preSolution
		Debug|Any CPU = Debug|Any CPU
		Release|Any CPU = Release|Any CPU
	EndGlobalSection
	GlobalSection(ProjectConfigurationPlatforms) = postSolution
		{3C2F14C4-0024-465C-8943-58D948C8834B}.Debug|Any CPU.ActiveCfg = Debug|Any CPU
		{3C2F14C4-0024-465C-8943-58D948C8834B}.Debug|Any CPU.Build.0 = Debug|Any CPU
		{3C2F14C4-0024-465C-8943-58D948C8834B}.Release|Any CPU.ActiveCfg = Release|Any CPU
		{3C2F14C4-0024-465C-8943-58D948C8834B}.Release|Any CPU.Build.0 = Release|Any CPU
		{5A569812-7210-4F5B-83A9-1EEB2C22CC55}.Debug|Any CPU.ActiveCfg = Debug|Any CPU
		{5A569812-7210-4F5B-83A9-1EEB2C22CC55}.Debug|Any CPU.Build.0 = Debug|Any CPU
		{5A569812-7210-4F5B-83A9-1EEB2C22CC55}.Release|Any CPU.ActiveCfg = Release|Any CPU
		{5A569812-7210-4F5B-83A9-1EEB2C22CC55}.Release|Any CPU.Build.0 = Release|Any CPU
		{11539F74-8310-49CB-82B7-9C16072B9B12}.Debug|Any CPU.ActiveCfg = Debug|Any CPU
		{11539F74-8310-49CB-82B7-9C16072B9B12}.Debug|Any CPU.Build.0 = Debug|Any CPU
		{11539F74-8310-49CB-82B7-9C16072B9B12}.Release|Any CPU.ActiveCfg = Release|Any CPU
		{11539F74-8310-49CB-82B7-9C16072B9B12}.Release|Any CPU.Build.0 = Release|Any CPU
		{393ABE3A-FC3E-4FB9-91B0-777D4C4B14B5}.Debug|Any CPU.ActiveCfg = Debug|Any CPU
		{393ABE3A-FC3E-4FB9-91B0-777D4C4B14B5}.Debug|Any CPU.Build.0 = Debug|Any CPU
		{393ABE3A-FC3E-4FB9-91B0-777D4C4B14B5}.Release|Any CPU.ActiveCfg = Release|Any CPU
		{393ABE3A-FC3E-4FB9-91B0-777D4C4B14B5}.Release|Any CPU.Build.0 = Release|Any CPU
		{2B501C7C-3DF4-433B-B1F8-7554B88C3D0B}.Debug|Any CPU.ActiveCfg = Debug|Any CPU
		{2B501C7C-3DF4-433B-B1F8-7554B88C3D0B}.Debug|Any CPU.Build.0 = Debug|Any CPU
		{2B501C7C-3DF4-433B-B1F8-7554B88C3D0B}.Release|Any CPU.ActiveCfg = Release|Any CPU
		{2B501C7C-3DF4-433B-B1F8-7554B88C3D0B}.Release|Any CPU.Build.0 = Release|Any CPU
	EndGlobalSection
	GlobalSection(SolutionProperties) = preSolution
		HideSolutionNode = FALSE
	EndGlobalSection
	GlobalSection(ExtensibilityGlobals) = postSolution
		SolutionGuid = {D77D909A-4477-482F-A140-6FADAB3AC5E2}
	EndGlobalSection
EndGlobal
